
Microsoft Visual Studio Solution File, Format Version 12.00
# Visual Studio Version 17
VisualStudioVersion = 17.13.35825.156
MinimumVisualStudioVersion = 10.0.40219.1
Project("{FAE04EC0-301F-11D3-BF4B-00C04F79EFBC}") = "Domain", "Domain\Domain.csproj", "{D43D2190-1919-463D-92DF-3384E750F02A}"
EndProject
Project("{FAE04EC0-301F-11D3-BF4B-00C04F79EFBC}") = "Infrastructure", "Infrastructure\Infrastructure.csproj", "{7145EE5B-5B26-4E7F-B5C7-9AEEBA2C5DD0}"
EndProject
Project("{FAE04EC0-301F-11D3-BF4B-00C04F79EFBC}") = "Web", "Web\Web.csproj", "{CAA172B2-78EC-485D-B73F-42245FA107E7}"
EndProject
Global
	GlobalSection(SolutionConfigurationPlatforms) = preSolution
		Debug|Any CPU = Debug|Any CPU
		Release|Any CPU = Release|Any CPU
	EndGlobalSection
	GlobalSection(ProjectConfigurationPlatforms) = postSolution
		{D43D2190-1919-463D-92DF-3384E750F02A}.Debug|Any CPU.ActiveCfg = Debug|Any CPU
		{D43D2190-1919-463D-92DF-3384E750F02A}.Debug|Any CPU.Build.0 = Debug|Any CPU
		{D43D2190-1919-463D-92DF-3384E750F02A}.Release|Any CPU.ActiveCfg = Release|Any CPU
		{D43D2190-1919-463D-92DF-3384E750F02A}.Release|Any CPU.Build.0 = Release|Any CPU
		{7145EE5B-5B26-4E7F-B5C7-9AEEBA2C5DD0}.Debug|Any CPU.ActiveCfg = Debug|Any CPU
		{7145EE5B-5B26-4E7F-B5C7-9AEEBA2C5DD0}.Debug|Any CPU.Build.0 = Debug|Any CPU
		{7145EE5B-5B26-4E7F-B5C7-9AEEBA2C5DD0}.Release|Any CPU.ActiveCfg = Release|Any CPU
		{7145EE5B-5B26-4E7F-B5C7-9AEEBA2C5DD0}.Release|Any CPU.Build.0 = Release|Any CPU
		{CAA172B2-78EC-485D-B73F-42245FA107E7}.Debug|Any CPU.ActiveCfg = Debug|Any CPU
		{CAA172B2-78EC-485D-B73F-42245FA107E7}.Debug|Any CPU.Build.0 = Debug|Any CPU
		{CAA172B2-78EC-485D-B73F-42245FA107E7}.Release|Any CPU.ActiveCfg = Release|Any CPU
		{CAA172B2-78EC-485D-B73F-42245FA107E7}.Release|Any CPU.Build.0 = Release|Any CPU
	EndGlobalSection
	GlobalSection(SolutionProperties) = preSolution
		HideSolutionNode = FALSE
	EndGlobalSection
	GlobalSection(ExtensibilityGlobals) = postSolution
		SolutionGuid = {BBEC8FD6-BC88-46EE-B99A-57F8EB71EA8A}
	EndGlobalSection
EndGlobal
